// !$*UTF8*$!
{
	archiveVersion = 1;
	classes = {
	};
	objectVersion = 50;
	objects = {

/* Begin PBXBuildFile section */
		F739636F21479EDB0025CD82 /* AppDelegate.m in Sources */ = {isa = PBXBuildFile; fileRef = F739636E21479EDB0025CD82 /* AppDelegate.m */; };
		F739637221479EDB0025CD82 /* ViewController.m in Sources */ = {isa = PBXBuildFile; fileRef = F739637121479EDB0025CD82 /* ViewController.m */; };
		F739637521479EDB0025CD82 /* Main.storyboard in Resources */ = {isa = PBXBuildFile; fileRef = F739637321479EDB0025CD82 /* Main.storyboard */; };
		F739637721479EDD0025CD82 /* Assets.xcassets in Resources */ = {isa = PBXBuildFile; fileRef = F739637621479EDD0025CD82 /* Assets.xcassets */; };
		F739637A21479EDD0025CD82 /* LaunchScreen.storyboard in Resources */ = {isa = PBXBuildFile; fileRef = F739637821479EDD0025CD82 /* LaunchScreen.storyboard */; };
		F739637D21479EDD0025CD82 /* main.m in Sources */ = {isa = PBXBuildFile; fileRef = F739637C21479EDD0025CD82 /* main.m */; };
		F739638721479EDD0025CD82 /* HttpManagerTests.m in Sources */ = {isa = PBXBuildFile; fileRef = F739638621479EDD0025CD82 /* HttpManagerTests.m */; };
		F739639221479EDD0025CD82 /* HttpManagerUITests.m in Sources */ = {isa = PBXBuildFile; fileRef = F739639121479EDD0025CD82 /* HttpManagerUITests.m */; };
/* End PBXBuildFile section */

/* Begin PBXContainerItemProxy section */
		F739638321479EDD0025CD82 /* PBXContainerItemProxy */ = {
			isa = PBXContainerItemProxy;
			containerPortal = F739636221479EDB0025CD82 /* Project object */;
			proxyType = 1;
			remoteGlobalIDString = F739636921479EDB0025CD82;
			remoteInfo = HttpManager;
		};
		F739638E21479EDD0025CD82 /* PBXContainerItemProxy */ = {
			isa = PBXContainerItemProxy;
			containerPortal = F739636221479EDB0025CD82 /* Project object */;
			proxyType = 1;
			remoteGlobalIDString = F739636921479EDB0025CD82;
			remoteInfo = HttpManager;
		};
/* End PBXContainerItemProxy section */

/* Begin PBXFileReference section */
		F739636A21479EDB0025CD82 /* HttpManager.app */ = {isa = PBXFileReference; explicitFileType = wrapper.application; includeInIndex = 0; path = HttpManager.app; sourceTree = BUILT_PRODUCTS_DIR; };
		F739636D21479EDB0025CD82 /* AppDelegate.h */ = {isa = PBXFileReference; lastKnownFileType = sourcecode.c.h; path = AppDelegate.h; sourceTree = "<group>"; };
		F739636E21479EDB0025CD82 /* AppDelegate.m */ = {isa = PBXFileReference; lastKnownFileType = sourcecode.c.objc; path = AppDelegate.m; sourceTree = "<group>"; };
		F739637021479EDB0025CD82 /* ViewController.h */ = {isa = PBXFileReference; lastKnownFileType = sourcecode.c.h; path = ViewController.h; sourceTree = "<group>"; };
		F739637121479EDB0025CD82 /* ViewController.m */ = {isa = PBXFileReference; lastKnownFileType = sourcecode.c.objc; path = ViewController.m; sourceTree = "<group>"; };
		F739637421479EDB0025CD82 /* Base */ = {isa = PBXFileReference; lastKnownFileType = file.storyboard; name = Base; path = Base.lproj/Main.storyboard; sourceTree = "<group>"; };
		F739637621479EDD0025CD82 /* Assets.xcassets */ = {isa = PBXFileReference; lastKnownFileType = folder.assetcatalog; path = Assets.xcassets; sourceTree = "<group>"; };
		F739637921479EDD0025CD82 /* Base */ = {isa = PBXFileReference; lastKnownFileType = file.storyboard; name = Base; path = Base.lproj/LaunchScreen.storyboard; sourceTree = "<group>"; };
		F739637B21479EDD0025CD82 /* Info.plist */ = {isa = PBXFileReference; lastKnownFileType = text.plist.xml; path = Info.plist; sourceTree = "<group>"; };
		F739637C21479EDD0025CD82 /* main.m */ = {isa = PBXFileReference; lastKnownFileType = sourcecode.c.objc; path = main.m; sourceTree = "<group>"; };
		F739638221479EDD0025CD82 /* HttpManagerTests.xctest */ = {isa = PBXFileReference; explicitFileType = wrapper.cfbundle; includeInIndex = 0; path = HttpManagerTests.xctest; sourceTree = BUILT_PRODUCTS_DIR; };
		F739638621479EDD0025CD82 /* HttpManagerTests.m */ = {isa = PBXFileReference; lastKnownFileType = sourcecode.c.objc; path = HttpManagerTests.m; sourceTree = "<group>"; };
		F739638821479EDD0025CD82 /* Info.plist */ = {isa = PBXFileReference; lastKnownFileType = text.plist.xml; path = Info.plist; sourceTree = "<group>"; };
		F739638D21479EDD0025CD82 /* HttpManagerUITests.xctest */ = {isa = PBXFileReference; explicitFileType = wrapper.cfbundle; includeInIndex = 0; path = HttpManagerUITests.xctest; sourceTree = BUILT_PRODUCTS_DIR; };
		F739639121479EDD0025CD82 /* HttpManagerUITests.m */ = {isa = PBXFileReference; lastKnownFileType = sourcecode.c.objc; path = HttpManagerUITests.m; sourceTree = "<group>"; };
		F739639321479EDD0025CD82 /* Info.plist */ = {isa = PBXFileReference; lastKnownFileType = text.plist.xml; path = Info.plist; sourceTree = "<group>"; };
/* End PBXFileReference section */

/* Begin PBXFrameworksBuildPhase section */
		F739636721479EDB0025CD82 /* Frameworks */ = {
			isa = PBXFrameworksBuildPhase;
			buildActionMask = 2147483647;
			files = (
			);
			runOnlyForDeploymentPostprocessing = 0;
		};
		F739637F21479EDD0025CD82 /* Frameworks */ = {
			isa = PBXFrameworksBuildPhase;
			buildActionMask = 2147483647;
			files = (
			);
			runOnlyForDeploymentPostprocessing = 0;
		};
		F739638A21479EDD0025CD82 /* Frameworks */ = {
			isa = PBXFrameworksBuildPhase;
			buildActionMask = 2147483647;
			files = (
			);
			runOnlyForDeploymentPostprocessing = 0;
		};
/* End PBXFrameworksBuildPhase section */

/* Begin PBXGroup section */
		F739636121479EDB0025CD82 = {
			isa = PBXGroup;
			children = (
				F739636C21479EDB0025CD82 /* HttpManager */,
				F739638521479EDD0025CD82 /* HttpManagerTests */,
				F739639021479EDD0025CD82 /* HttpManagerUITests */,
				F739636B21479EDB0025CD82 /* Products */,
			);
			sourceTree = "<group>";
		};
		F739636B21479EDB0025CD82 /* Products */ = {
			isa = PBXGroup;
			children = (
				F739636A21479EDB0025CD82 /* HttpManager.app */,
				F739638221479EDD0025CD82 /* HttpManagerTests.xctest */,
				F739638D21479EDD0025CD82 /* HttpManagerUITests.xctest */,
			);
			name = Products;
			sourceTree = "<group>";
		};
		F739636C21479EDB0025CD82 /* HttpManager */ = {
			isa = PBXGroup;
			children = (
				F73963A02147A3C80025CD82 /* Classes */,
				F739636D21479EDB0025CD82 /* AppDelegate.h */,
				F739636E21479EDB0025CD82 /* AppDelegate.m */,
				F739637021479EDB0025CD82 /* ViewController.h */,
				F739637121479EDB0025CD82 /* ViewController.m */,
				F739637321479EDB0025CD82 /* Main.storyboard */,
				F739637621479EDD0025CD82 /* Assets.xcassets */,
				F739637821479EDD0025CD82 /* LaunchScreen.storyboard */,
				F739637B21479EDD0025CD82 /* Info.plist */,
				F739637C21479EDD0025CD82 /* main.m */,
			);
			path = HttpManager;
			sourceTree = "<group>";
		};
		F739638521479EDD0025CD82 /* HttpManagerTests */ = {
			isa = PBXGroup;
			children = (
				F739638621479EDD0025CD82 /* HttpManagerTests.m */,
				F739638821479EDD0025CD82 /* Info.plist */,
			);
			path = HttpManagerTests;
			sourceTree = "<group>";
		};
		F739639021479EDD0025CD82 /* HttpManagerUITests */ = {
			isa = PBXGroup;
			children = (
				F739639121479EDD0025CD82 /* HttpManagerUITests.m */,
				F739639321479EDD0025CD82 /* Info.plist */,
			);
			path = HttpManagerUITests;
			sourceTree = "<group>";
		};
		F73963A02147A3C80025CD82 /* Classes */ = {
			isa = PBXGroup;
			children = (
			);
			path = Classes;
			sourceTree = "<group>";
		};
/* End PBXGroup section */

/* Begin PBXNativeTarget section */
		F739636921479EDB0025CD82 /* HttpManager */ = {
			isa = PBXNativeTarget;
			buildConfigurationList = F739639621479EDD0025CD82 /* Build configuration list for PBXNativeTarget "HttpManager" */;
			buildPhases = (
				F739636621479EDB0025CD82 /* Sources */,
				F739636721479EDB0025CD82 /* Frameworks */,
				F739636821479EDB0025CD82 /* Resources */,
			);
			buildRules = (
			);
			dependencies = (
			);
			name = HttpManager;
			productName = HttpManager;
			productReference = F739636A21479EDB0025CD82 /* HttpManager.app */;
			productType = "com.apple.product-type.application";
		};
		F739638121479EDD0025CD82 /* HttpManagerTests */ = {
			isa = PBXNativeTarget;
			buildConfigurationList = F739639921479EDD0025CD82 /* Build configuration list for PBXNativeTarget "HttpManagerTests" */;
			buildPhases = (
				F739637E21479EDD0025CD82 /* Sources */,
				F739637F21479EDD0025CD82 /* Frameworks */,
				F739638021479EDD0025CD82 /* Resources */,
			);
			buildRules = (
			);
			dependencies = (
				F739638421479EDD0025CD82 /* PBXTargetDependency */,
			);
			name = HttpManagerTests;
			productName = HttpManagerTests;
			productReference = F739638221479EDD0025CD82 /* HttpManagerTests.xctest */;
			productType = "com.apple.product-type.bundle.unit-test";
		};
		F739638C21479EDD0025CD82 /* HttpManagerUITests */ = {
			isa = PBXNativeTarget;
			buildConfigurationList = F739639C21479EDD0025CD82 /* Build configuration list for PBXNativeTarget "HttpManagerUITests" */;
			buildPhases = (
				F739638921479EDD0025CD82 /* Sources */,
				F739638A21479EDD0025CD82 /* Frameworks */,
				F739638B21479EDD0025CD82 /* Resources */,
			);
			buildRules = (
			);
			dependencies = (
				F739638F21479EDD0025CD82 /* PBXTargetDependency */,
			);
			name = HttpManagerUITests;
			productName = HttpManagerUITests;
			productReference = F739638D21479EDD0025CD82 /* HttpManagerUITests.xctest */;
			productType = "com.apple.product-type.bundle.ui-testing";
		};
/* End PBXNativeTarget section */

/* Begin PBXProject section */
		F739636221479EDB0025CD82 /* Project object */ = {
			isa = PBXProject;
			attributes = {
				LastUpgradeCheck = 0940;
				ORGANIZATIONNAME = iOS123;
				TargetAttributes = {
					F739636921479EDB0025CD82 = {
						CreatedOnToolsVersion = 9.4;
					};
					F739638121479EDD0025CD82 = {
						CreatedOnToolsVersion = 9.4;
						TestTargetID = F739636921479EDB0025CD82;
					};
					F739638C21479EDD0025CD82 = {
						CreatedOnToolsVersion = 9.4;
						TestTargetID = F739636921479EDB0025CD82;
					};
				};
			};
			buildConfigurationList = F739636521479EDB0025CD82 /* Build configuration list for PBXProject "HttpManager" */;
			compatibilityVersion = "Xcode 9.3";
			developmentRegion = en;
			hasScannedForEncodings = 0;
			knownRegions = (
				en,
				Base,
			);
			mainGroup = F739636121479EDB0025CD82;
			productRefGroup = F739636B21479EDB0025CD82 /* Products */;
			projectDirPath = "";
			projectRoot = "";
			targets = (
				F739636921479EDB0025CD82 /* HttpManager */,
				F739638121479EDD0025CD82 /* HttpManagerTests */,
				F739638C21479EDD0025CD82 /* HttpManagerUITests */,
			);
		};
/* End PBXProject section */

/* Begin PBXResourcesBuildPhase section */
		F739636821479EDB0025CD82 /* Resources */ = {
			isa = PBXResourcesBuildPhase;
			buildActionMask = 2147483647;
			files = (
				F739637A21479EDD0025CD82 /* LaunchScreen.storyboard in Resources */,
				F739637721479EDD0025CD82 /* Assets.xcassets in Resources */,
				F739637521479EDB0025CD82 /* Main.storyboard in Resources */,
			);
			runOnlyForDeploymentPostprocessing = 0;
		};
		F739638021479EDD0025CD82 /* Resources */ = {
			isa = PBXResourcesBuildPhase;
			buildActionMask = 2147483647;
			files = (
			);
			runOnlyForDeploymentPostprocessing = 0;
		};
		F739638B21479EDD0025CD82 /* Resources */ = {
			isa = PBXResourcesBuildPhase;
			buildActionMask = 2147483647;
			files = (
			);
			runOnlyForDeploymentPostprocessing = 0;
		};
/* End PBXResourcesBuildPhase section */

/* Begin PBXSourcesBuildPhase section */
		F739636621479EDB0025CD82 /* Sources */ = {
			isa = PBXSourcesBuildPhase;
			buildActionMask = 2147483647;
			files = (
				F739637221479EDB0025CD82 /* ViewController.m in Sources */,
				F739637D21479EDD0025CD82 /* main.m in Sources */,
				F739636F21479EDB0025CD82 /* AppDelegate.m in Sources */,
			);
			runOnlyForDeploymentPostprocessing = 0;
		};
		F739637E21479EDD0025CD82 /* Sources */ = {
			isa = PBXSourcesBuildPhase;
			buildActionMask = 2147483647;
			files = (
				F739638721479EDD0025CD82 /* HttpManagerTests.m in Sources */,
			);
			runOnlyForDeploymentPostprocessing = 0;
		};
		F739638921479EDD0025CD82 /* Sources */ = {
			isa = PBXSourcesBuildPhase;
			buildActionMask = 2147483647;
			files = (
				F739639221479EDD0025CD82 /* HttpManagerUITests.m in Sources */,
			);
			runOnlyForDeploymentPostprocessing = 0;
		};
/* End PBXSourcesBuildPhase section */

/* Begin PBXTargetDependency section */
		F739638421479EDD0025CD82 /* PBXTargetDependency */ = {
			isa = PBXTargetDependency;
			target = F739636921479EDB0025CD82 /* HttpManager */;
			targetProxy = F739638321479EDD0025CD82 /* PBXContainerItemProxy */;
		};
		F739638F21479EDD0025CD82 /* PBXTargetDependency */ = {
			isa = PBXTargetDependency;
			target = F739636921479EDB0025CD82 /* HttpManager */;
			targetProxy = F739638E21479EDD0025CD82 /* PBXContainerItemProxy */;
		};
/* End PBXTargetDependency section */

/* Begin PBXVariantGroup section */
		F739637321479EDB0025CD82 /* Main.storyboard */ = {
			isa = PBXVariantGroup;
			children = (
				F739637421479EDB0025CD82 /* Base */,
			);
			name = Main.storyboard;
			sourceTree = "<group>";
		};
		F739637821479EDD0025CD82 /* LaunchScreen.storyboard */ = {
			isa = PBXVariantGroup;
			children = (
				F739637921479EDD0025CD82 /* Base */,
			);
			name = LaunchScreen.storyboard;
			sourceTree = "<group>";
		};
/* End PBXVariantGroup section */

/* Begin XCBuildConfiguration section */
		F739639421479EDD0025CD82 /* Debug */ = {
			isa = XCBuildConfiguration;
			buildSettings = {
				ALWAYS_SEARCH_USER_PATHS = NO;
				CLANG_ANALYZER_NONNULL = YES;
				CLANG_ANALYZER_NUMBER_OBJECT_CONVERSION = YES_AGGRESSIVE;
				CLANG_CXX_LANGUAGE_STANDARD = "gnu++14";
				CLANG_CXX_LIBRARY = "libc++";
				CLANG_ENABLE_MODULES = YES;
				CLANG_ENABLE_OBJC_ARC = YES;
				CLANG_ENABLE_OBJC_WEAK = YES;
				CLANG_WARN_BLOCK_CAPTURE_AUTORELEASING = YES;
				CLANG_WARN_BOOL_CONVERSION = YES;
				CLANG_WARN_COMMA = YES;
				CLANG_WARN_CONSTANT_CONVERSION = YES;
				CLANG_WARN_DEPRECATED_OBJC_IMPLEMENTATIONS = YES;
				CLANG_WARN_DIRECT_OBJC_ISA_USAGE = YES_ERROR;
				CLANG_WARN_DOCUMENTATION_COMMENTS = YES;
				CLANG_WARN_EMPTY_BODY = YES;
				CLANG_WARN_ENUM_CONVERSION = YES;
				CLANG_WARN_INFINITE_RECURSION = YES;
				CLANG_WARN_INT_CONVERSION = YES;
				CLANG_WARN_NON_LITERAL_NULL_CONVERSION = YES;
				CLANG_WARN_OBJC_IMPLICIT_RETAIN_SELF = YES;
				CLANG_WARN_OBJC_LITERAL_CONVERSION = YES;
				CLANG_WARN_OBJC_ROOT_CLASS = YES_ERROR;
				CLANG_WARN_RANGE_LOOP_ANALYSIS = YES;
				CLANG_WARN_STRICT_PROTOTYPES = YES;
				CLANG_WARN_SUSPICIOUS_MOVE = YES;
				CLANG_WARN_UNGUARDED_AVAILABILITY = YES_AGGRESSIVE;
				CLANG_WARN_UNREACHABLE_CODE = YES;
				CLANG_WARN__DUPLICATE_METHOD_MATCH = YES;
				CODE_SIGN_IDENTITY = "iPhone Developer";
				COPY_PHASE_STRIP = NO;
				DEBUG_INFORMATION_FORMAT = dwarf;
				ENABLE_STRICT_OBJC_MSGSEND = YES;
				ENABLE_TESTABILITY = YES;
				GCC_C_LANGUAGE_STANDARD = gnu11;
				GCC_DYNAMIC_NO_PIC = NO;
				GCC_NO_COMMON_BLOCKS = YES;
				GCC_OPTIMIZATION_LEVEL = 0;
				GCC_PREPROCESSOR_DEFINITIONS = (
					"DEBUG=1",
					"$(inherited)",
				);
				GCC_WARN_64_TO_32_BIT_CONVERSION = YES;
				GCC_WARN_ABOUT_RETURN_TYPE = YES_ERROR;
				GCC_WARN_UNDECLARED_SELECTOR = YES;
				GCC_WARN_UNINITIALIZED_AUTOS = YES_AGGRESSIVE;
				GCC_WARN_UNUSED_FUNCTION = YES;
				GCC_WARN_UNUSED_VARIABLE = YES;
				IPHONEOS_DEPLOYMENT_TARGET = 11.4;
				MTL_ENABLE_DEBUG_INFO = YES;
				ONLY_ACTIVE_ARCH = YES;
				SDKROOT = iphoneos;
			};
			name = Debug;
		};
		F739639521479EDD0025CD82 /* Release */ = {
			isa = XCBuildConfiguration;
			buildSettings = {
				ALWAYS_SEARCH_USER_PATHS = NO;
				CLANG_ANALYZER_NONNULL = YES;
				CLANG_ANALYZER_NUMBER_OBJECT_CONVERSION = YES_AGGRESSIVE;
				CLANG_CXX_LANGUAGE_STANDARD = "gnu++14";
				CLANG_CXX_LIBRARY = "libc++";
				CLANG_ENABLE_MODULES = YES;
				CLANG_ENABLE_OBJC_ARC = YES;
				CLANG_ENABLE_OBJC_WEAK = YES;
				CLANG_WARN_BLOCK_CAPTURE_AUTORELEASING = YES;
				CLANG_WARN_BOOL_CONVERSION = YES;
				CLANG_WARN_COMMA = YES;
				CLANG_WARN_CONSTANT_CONVERSION = YES;
				CLANG_WARN_DEPRECATED_OBJC_IMPLEMENTATIONS = YES;
				CLANG_WARN_DIRECT_OBJC_ISA_USAGE = YES_ERROR;
				CLANG_WARN_DOCUMENTATION_COMMENTS = YES;
				CLANG_WARN_EMPTY_BODY = YES;
				CLANG_WARN_ENUM_CONVERSION = YES;
				CLANG_WARN_INFINITE_RECURSION = YES;
				CLANG_WARN_INT_CONVERSION = YES;
				CLANG_WARN_NON_LITERAL_NULL_CONVERSION = YES;
				CLANG_WARN_OBJC_IMPLICIT_RETAIN_SELF = YES;
				CLANG_WARN_OBJC_LITERAL_CONVERSION = YES;
				CLANG_WARN_OBJC_ROOT_CLASS = YES_ERROR;
				CLANG_WARN_RANGE_LOOP_ANALYSIS = YES;
				CLANG_WARN_STRICT_PROTOTYPES = YES;
				CLANG_WARN_SUSPICIOUS_MOVE = YES;
				CLANG_WARN_UNGUARDED_AVAILABILITY = YES_AGGRESSIVE;
				CLANG_WARN_UNREACHABLE_CODE = YES;
				CLANG_WARN__DUPLICATE_METHOD_MATCH = YES;
				CODE_SIGN_IDENTITY = "iPhone Developer";
				COPY_PHASE_STRIP = NO;
				DEBUG_INFORMATION_FORMAT = "dwarf-with-dsym";
				ENABLE_NS_ASSERTIONS = NO;
				ENABLE_STRICT_OBJC_MSGSEND = YES;
				GCC_C_LANGUAGE_STANDARD = gnu11;
				GCC_NO_COMMON_BLOCKS = YES;
				GCC_WARN_64_TO_32_BIT_CONVERSION = YES;
				GCC_WARN_ABOUT_RETURN_TYPE = YES_ERROR;
				GCC_WARN_UNDECLARED_SELECTOR = YES;
				GCC_WARN_UNINITIALIZED_AUTOS = YES_AGGRESSIVE;
				GCC_WARN_UNUSED_FUNCTION = YES;
				GCC_WARN_UNUSED_VARIABLE = YES;
				IPHONEOS_DEPLOYMENT_TARGET = 11.4;
				MTL_ENABLE_DEBUG_INFO = NO;
				SDKROOT = iphoneos;
				VALIDATE_PRODUCT = YES;
			};
			name = Release;
		};
		F739639721479EDD0025CD82 /* Debug */ = {
			isa = XCBuildConfiguration;
			buildSettings = {
				ASSETCATALOG_COMPILER_APPICON_NAME = AppIcon;
				CODE_SIGN_STYLE = Automatic;
				INFOPLIST_FILE = HttpManager/Info.plist;
				LD_RUNPATH_SEARCH_PATHS = (
					"$(inherited)",
					"@executable_path/Frameworks",
				);
				PRODUCT_BUNDLE_IDENTIFIER = TS.HttpManager;
				PRODUCT_NAME = "$(TARGET_NAME)";
				TARGETED_DEVICE_FAMILY = "1,2";
			};
			name = Debug;
		};
		F739639821479EDD0025CD82 /* Release */ = {
			isa = XCBuildConfiguration;
			buildSettings = {
				ASSETCATALOG_COMPILER_APPICON_NAME = AppIcon;
				CODE_SIGN_STYLE = Automatic;
				INFOPLIST_FILE = HttpManager/Info.plist;
				LD_RUNPATH_SEARCH_PATHS = (
					"$(inherited)",
					"@executable_path/Frameworks",
				);
				PRODUCT_BUNDLE_IDENTIFIER = TS.HttpManager;
				PRODUCT_NAME = "$(TARGET_NAME)";
				TARGETED_DEVICE_FAMILY = "1,2";
			};
			name = Release;
		};
		F739639A21479EDD0025CD82 /* Debug */ = {
			isa = XCBuildConfiguration;
			buildSettings = {
				BUNDLE_LOADER = "$(TEST_HOST)";
				CODE_SIGN_STYLE = Automatic;
				INFOPLIST_FILE = HttpManagerTests/Info.plist;
				LD_RUNPATH_SEARCH_PATHS = (
					"$(inherited)",
					"@executable_path/Frameworks",
					"@loader_path/Frameworks",
				);
				PRODUCT_BUNDLE_IDENTIFIER = TS.HttpManagerTests;
				PRODUCT_NAME = "$(TARGET_NAME)";
				TARGETED_DEVICE_FAMILY = "1,2";
				TEST_HOST = "$(BUILT_PRODUCTS_DIR)/HttpManager.app/HttpManager";
			};
			name = Debug;
		};
		F739639B21479EDD0025CD82 /* Release */ = {
			isa = XCBuildConfiguration;
			buildSettings = {
				BUNDLE_LOADER = "$(TEST_HOST)";
				CODE_SIGN_STYLE = Automatic;
				INFOPLIST_FILE = HttpManagerTests/Info.plist;
				LD_RUNPATH_SEARCH_PATHS = (
					"$(inherited)",
					"@executable_path/Frameworks",
					"@loader_path/Frameworks",
				);
				PRODUCT_BUNDLE_IDENTIFIER = TS.HttpManagerTests;
				PRODUCT_NAME = "$(TARGET_NAME)";
				TARGETED_DEVICE_FAMILY = "1,2";
				TEST_HOST = "$(BUILT_PRODUCTS_DIR)/HttpManager.app/HttpManager";
			};
			name = Release;
		};
		F739639D21479EDD0025CD82 /* Debug */ = {
			isa = XCBuildConfiguration;
			buildSettings = {
				CODE_SIGN_STYLE = Automatic;
				INFOPLIST_FILE = HttpManagerUITests/Info.plist;
				LD_RUNPATH_SEARCH_PATHS = (
					"$(inherited)",
					"@executable_path/Frameworks",
					"@loader_path/Frameworks",
				);
				PRODUCT_BUNDLE_IDENTIFIER = TS.HttpManagerUITests;
				PRODUCT_NAME = "$(TARGET_NAME)";
				TARGETED_DEVICE_FAMILY = "1,2";
				TEST_TARGET_NAME = HttpManager;
			};
			name = Debug;
		};
		F739639E21479EDD0025CD82 /* Release */ = {
			isa = XCBuildConfiguration;
			buildSettings = {
				CODE_SIGN_STYLE = Automatic;
				INFOPLIST_FILE = HttpManagerUITests/Info.plist;
				LD_RUNPATH_SEARCH_PATHS = (
					"$(inherited)",
					"@executable_path/Frameworks",
					"@loader_path/Frameworks",
				);
				PRODUCT_BUNDLE_IDENTIFIER = TS.HttpManagerUITests;
				PRODUCT_NAME = "$(TARGET_NAME)";
				TARGETED_DEVICE_FAMILY = "1,2";
				TEST_TARGET_NAME = HttpManager;
			};
			name = Release;
		};
/* End XCBuildConfiguration section */

/* Begin XCConfigurationList section */
		F739636521479EDB0025CD82 /* Build configuration list for PBXProject "HttpManager" */ = {
			isa = XCConfigurationList;
			buildConfigurations = (
				F739639421479EDD0025CD82 /* Debug */,
				F739639521479EDD0025CD82 /* Release */,
			);
			defaultConfigurationIsVisible = 0;
			defaultConfigurationName = Release;
		};
		F739639621479EDD0025CD82 /* Build configuration list for PBXNativeTarget "HttpManager" */ = {
			isa = XCConfigurationList;
			buildConfigurations = (
				F739639721479EDD0025CD82 /* Debug */,
				F739639821479EDD0025CD82 /* Release */,
			);
			defaultConfigurationIsVisible = 0;
			defaultConfigurationName = Release;
		};
		F739639921479EDD0025CD82 /* Build configuration list for PBXNativeTarget "HttpManagerTests" */ = {
			isa = XCConfigurationList;
			buildConfigurations = (
				F739639A21479EDD0025CD82 /* Debug */,
				F739639B21479EDD0025CD82 /* Release */,
			);
			defaultConfigurationIsVisible = 0;
			defaultConfigurationName = Release;
		};
		F739639C21479EDD0025CD82 /* Build configuration list for PBXNativeTarget "HttpManagerUITests" */ = {
			isa = XCConfigurationList;
			buildConfigurations = (
				F739639D21479EDD0025CD82 /* Debug */,
				F739639E21479EDD0025CD82 /* Release */,
			);
			defaultConfigurationIsVisible = 0;
			defaultConfigurationName = Release;
		};
/* End XCConfigurationList section */
	};
	rootObject = F739636221479EDB0025CD82 /* Project object */;
}
